{
  "version": 4,
  "terraform_version": "1.15.3",
  "serial": 46,
  "lineage": "3e9e1ad1-f34b-33d4-3398-fc50def4b729",
  "outputs": {
    "dynamodb_table_name": {
      "value": "pipeline_metadata",
      "type": "string"
    },
    "eventbridge_rule_arn": {
      "value": "arn:aws:events:us-west-2:699475925897:rule/rearc-quest-daily-schedule",
      "type": "string"
    },
    "lambda_analytics_arn": {
      "value": "arn:aws:lambda:us-west-2:699475925897:function:rearc-quest-analytics",
      "type": "string"
    },
    "lambda_check_etag_arn": {
      "value": "arn:aws:lambda:us-west-2:699475925897:function:rearc-quest-check-etag",
      "type": "string"
    },
    "lambda_fetch_api_arn": {
      "value": "arn:aws:lambda:us-west-2:699475925897:function:rearc-quest-fetch-api",
      "type": "string"
    },
    "lambda_scrape_arn": {
      "value": "arn:aws:lambda:us-west-2:699475925897:function:rearc-quest-scrape-bls",
      "type": "string"
    },
    "lambda_sync_files_arn": {
      "value": "arn:aws:lambda:us-west-2:699475925897:function:rearc-quest-sync-files",
      "type": "string"
    },
    "s3_bucket_name": {
      "value": "rearc-quest-naiyyar",
      "type": "string"
    },
    "sqs_queue_arn": {
      "value": "arn:aws:sqs:us-west-2:699475925897:rearc-quest-analytics-queue",
      "type": "string"
    },
    "sqs_queue_url": {
      "value": "https://sqs.us-west-2.amazonaws.com/699475925897/rearc-quest-analytics-queue",
      "type": "string"
    },
    "state_machine_arn": {
      "value": "arn:aws:states:us-west-2:699475925897:stateMachine:rearc-quest-ingest-pipeline",
      "type": "string"
    }
  },
  "resources": [
    {
      "mode": "managed",
      "type": "aws_cloudwatch_event_rule",
      "name": "daily_schedule",
      "provider": "provider[\"registry.terraform.io/hashicorp/aws\"]",
      "instances": [
        {
          "schema_version": 1,
          "attributes": {
            "arn": "arn:aws:events:us-west-2:699475925897:rule/rearc-quest-daily-schedule",
            "description": "triggers rearc quest ingest pipeline daily at midnight UTC",
            "event_bus_name": "default",
            "event_pattern": null,
            "force_destroy": false,
            "id": "rearc-quest-daily-schedule",
            "is_enabled": true,
            "name": "rearc-quest-daily-schedule",
            "name_prefix": "",
            "role_arn": "",
            "schedule_expression": "cron(0 0 * * ? *)",
            "state": "ENABLED",
            "tags": {
              "Environment": "dev",
              "Project": "rearc-data-quest"
            },
            "tags_all": {
              "Environment": "dev",
              "Project": "rearc-data-quest"
            }
          },
          "sensitive_attributes": [],
          "identity_schema_version": 0,
          "private": "eyJzY2hlbWFfdmVyc2lvbiI6IjEifQ=="
        }
      ]
    },
    {
      "mode": "managed",
      "type": "aws_cloudwatch_event_target",
      "name": "step_functions_target",
      "provider": "provider[\"registry.terraform.io/hashicorp/aws\"]",
      "instances": [
        {
          "schema_version": 1,
          "attributes": {
            "appsync_target": [],
            "arn": "arn:aws:states:us-west-2:699475925897:stateMachine:rearc-quest-ingest-pipeline",
            "batch_target": [],
            "dead_letter_config": [],
            "ecs_target": [],
            "event_bus_name": "default",
            "force_destroy": false,
            "http_target": [],
            "id": "rearc-quest-daily-schedule-terraform-20260608053150636600000001",
            "input": "",
            "input_path": "",
            "input_transformer": [
              {
                "input_paths": {
                  "time": "$.time"
                },
                "input_template": "{\n  \"execution_name\": \"bls-sync-\u003ctime\u003e\",\n  \"scheduled\": true\n}\n"
              }
            ],
            "kinesis_target": [],
            "redshift_target": [],
            "retry_policy": [],
            "role_arn": "arn:aws:iam::699475925897:role/rearc-quest-eventbridge-role",
            "rule": "rearc-quest-daily-schedule",
            "run_command_targets": [],
            "sagemaker_pipeline_target": [],
            "sqs_target": [],
            "target_id": "terraform-20260608053150636600000001"
          },
          "sensitive_attributes": [],
          "identity_schema_version": 0,
          "private": "eyJzY2hlbWFfdmVyc2lvbiI6IjEifQ==",
          "dependencies": [
            "aws_cloudwatch_event_rule.daily_schedule",
            "aws_iam_role.eventbridge",
            "aws_iam_role.lambda_check_etag",
            "aws_iam_role.lambda_fetch_api",
            "aws_iam_role.lambda_scrape",
            "aws_iam_role.lambda_sync_files",
            "aws_iam_role.step_functions",
            "aws_lambda_function.lambda_check_etag",
            "aws_lambda_function.lambda_fetch_api",
            "aws_lambda_function.lambda_scrape",
            "aws_lambda_function.lambda_sync_files",
            "aws_sfn_state_machine.ingest_pipeline"
          ]
        }
      ]
    },
    {
      "mode": "managed",
      "type": "aws_dynamodb_table",
      "name": "pipeline_metadata",
      "provider": "provider[\"registry.terraform.io/hashicorp/aws\"]",
      "instances": [
        {
          "schema_version": 1,
          "attributes": {
            "arn": "arn:aws:dynamodb:us-west-2:699475925897:table/pipeline_metadata",
            "attribute": [
              {
                "name": "pk",
                "type": "S"
              }
            ],
            "billing_mode": "PAY_PER_REQUEST",
            "deletion_protection_enabled": false,
            "global_secondary_index": [],
            "hash_key": "pk",
            "id": "pipeline_metadata",
            "import_table": [],
            "local_secondary_index": [],
            "name": "pipeline_metadata",
            "on_demand_throughput": [],
            "point_in_time_recovery": [
              {
                "enabled": true,
                "recovery_period_in_days": 35
              }
            ],
            "range_key": null,
            "read_capacity": 0,
            "replica": [],
            "restore_date_time": null,
            "restore_source_name": null,
            "restore_source_table_arn": null,
            "restore_to_latest_time": null,
            "server_side_encryption": [],
            "stream_arn": "",
            "stream_enabled": false,
            "stream_label": "",
            "stream_view_type": "",
            "table_class": "STANDARD",
            "tags": {
              "Environment": "dev",
              "Project": "rearc-data-quest"
            },
            "tags_all": {
              "Environment": "dev",
              "Project": "rearc-data-quest"
            },
            "timeouts": null,
            "ttl": [
              {
                "attribute_name": "",
                "enabled": false
              }
            ],
            "write_capacity": 0
          },
          "sensitive_attributes": [],
          "identity_schema_version": 0,
          "private": "eyJlMmJmYjczMC1lY2FhLTExZTYtOGY4OC0zNDM2M2JjN2M0YzAiOnsiY3JlYXRlIjoxODAwMDAwMDAwMDAwLCJkZWxldGUiOjYwMDAwMDAwMDAwMCwidXBkYXRlIjozNjAwMDAwMDAwMDAwfSwic2NoZW1hX3ZlcnNpb24iOiIxIn0="
        }
      ]
    },
    {
      "mode": "managed",
      "type": "aws_iam_role",
      "name": "eventbridge",
      "provider": "provider[\"registry.terraform.io/hashicorp/aws\"]",
      "instances": [
        {
          "schema_version": 0,
          "attributes": {
            "arn": "arn:aws:iam::699475925897:role/rearc-quest-eventbridge-role",
            "assume_role_policy": "{\"Statement\":[{\"Action\":\"sts:AssumeRole\",\"Effect\":\"Allow\",\"Principal\":{\"Service\":\"events.amazonaws.com\"}}],\"Version\":\"2012-10-17\"}",
            "create_date": "2026-06-08T05:31:17Z",
            "description": "",
            "force_detach_policies": false,
            "id": "rearc-quest-eventbridge-role",
            "inline_policy": [
              {
                "name": "rearc-quest-eventbridge-policy",
                "policy": "{\"Version\":\"2012-10-17\",\"Statement\":[{\"Action\":[\"states:StartExecution\"],\"Effect\":\"Allow\",\"Resource\":\"arn:aws:states:us-west-2:699475925897:stateMachine:rearc-quest-ingest-pipeline\"}]}"
              }
            ],
            "managed_policy_arns": [],
            "max_session_duration": 3600,
            "name": "rearc-quest-eventbridge-role",
            "name_prefix": "",
            "path": "/",
            "permissions_boundary": "",
            "tags": {},
            "tags_all": {},
            "unique_id": "AROA2FXADTOE7RKDHRMFA"
          },
          "sensitive_attributes": [],
          "identity_schema_version": 0,
          "private": "bnVsbA=="
        }
      ]
    },
    {
      "mode": "managed",
      "type": "aws_iam_role",
      "name": "lambda_analytics",
      "provider": "provider[\"registry.terraform.io/hashicorp/aws\"]",
      "instances": [
        {
          "schema_version": 0,
          "attributes": {
            "arn": "arn:aws:iam::699475925897:role/rearc-quest-lambda-analytics-role",
            "assume_role_policy": "{\"Statement\":[{\"Action\":\"sts:AssumeRole\",\"Effect\":\"Allow\",\"Principal\":{\"Service\":\"lambda.amazonaws.com\"}}],\"Version\":\"2012-10-17\"}",
            "create_date": "2026-06-08T05:31:17Z",
            "description": "",
            "force_detach_policies": false,
            "id": "rearc-quest-lambda-analytics-role",
            "inline_policy": [
              {
                "name": "rearc-quest-lambda-analytics-policy",
                "policy": "{\"Version\":\"2012-10-17\",\"Statement\":[{\"Action\":[\"s3:GetObject\"],\"Effect\":\"Allow\",\"Resource\":\"arn:aws:s3:::rearc-quest-naiyyar/*\"},{\"Action\":[\"sqs:ReceiveMessage\",\"sqs:DeleteMessage\",\"sqs:GetQueueAttributes\"],\"Effect\":\"Allow\",\"Resource\":\"arn:aws:sqs:us-west-2:699475925897:rearc-quest-analytics-queue\"},{\"Action\":[\"dynamodb:GetItem\",\"dynamodb:PutItem\"],\"Effect\":\"Allow\",\"Resource\":\"arn:aws:dynamodb:us-west-2:699475925897:table/pipeline_metadata\"},{\"Action\":[\"logs:CreateLogGroup\",\"logs:CreateLogStream\",\"logs:PutLogEvents\"],\"Effect\":\"Allow\",\"Resource\":\"arn:aws:logs:*:*:*\"}]}"
              }
            ],
            "managed_policy_arns": [],
            "max_session_duration": 3600,
            "name": "rearc-quest-lambda-analytics-role",
            "name_prefix": "",
            "path": "/",
            "permissions_boundary": "",
            "tags": {},
            "tags_all": {},
            "unique_id": "AROA2FXADTOE6A5ENNIOW"
          },
          "sensitive_attributes": [],
          "identity_schema_version": 0,
          "private": "bnVsbA=="
        }
      ]
    },
    {
      "mode": "managed",
      "type": "aws_iam_role",
      "name": "lambda_check_etag",
      "provider": "provider[\"registry.terraform.io/hashicorp/aws\"]",
      "instances": [
        {
          "schema_version": 0,
          "attributes": {
            "arn": "arn:aws:iam::699475925897:role/rearc-quest-lambda-check-etag-role",
            "assume_role_policy": "{\"Statement\":[{\"Action\":\"sts:AssumeRole\",\"Effect\":\"Allow\",\"Principal\":{\"Service\":\"lambda.amazonaws.com\"}}],\"Version\":\"2012-10-17\"}",
            "create_date": "2026-06-08T05:31:17Z",
            "description": "",
            "force_detach_policies": false,
            "id": "rearc-quest-lambda-check-etag-role",
            "inline_policy": [
              {
                "name": "rearc-quest-lambda-check-etag-policy",
                "policy": "{\"Version\":\"2012-10-17\",\"Statement\":[{\"Action\":[\"dynamodb:GetItem\"],\"Effect\":\"Allow\",\"Resource\":\"arn:aws:dynamodb:us-west-2:699475925897:table/pipeline_metadata\"},{\"Action\":[\"logs:CreateLogGroup\",\"logs:CreateLogStream\",\"logs:PutLogEvents\"],\"Effect\":\"Allow\",\"Resource\":\"arn:aws:logs:*:*:*\"}]}"
              }
            ],
            "managed_policy_arns": [],
            "max_session_duration": 3600,
            "name": "rearc-quest-lambda-check-etag-role",
            "name_prefix": "",
            "path": "/",
            "permissions_boundary": "",
            "tags": {},
            "tags_all": {},
            "unique_id": "AROA2FXADTOEXN2O4XRLR"
          },
          "sensitive_attributes": [],
          "identity_schema_version": 0,
          "private": "bnVsbA=="
        }
      ]
    },
    {
      "mode": "managed",
      "type": "aws_iam_role",
      "name": "lambda_fetch_api",
      "provider": "provider[\"registry.terraform.io/hashicorp/aws\"]",
      "instances": [
        {
          "schema_version": 0,
          "attributes": {
            "arn": "arn:aws:iam::699475925897:role/rearc-quest-lambda-fetch-api-role",
            "assume_role_policy": "{\"Statement\":[{\"Action\":\"sts:AssumeRole\",\"Effect\":\"Allow\",\"Principal\":{\"Service\":\"lambda.amazonaws.com\"}}],\"Version\":\"2012-10-17\"}",
            "create_date": "2026-06-08T05:31:17Z",
            "description": "",
            "force_detach_policies": false,
            "id": "rearc-quest-lambda-fetch-api-role",
            "inline_policy": [
              {
                "name": "rearc-quest-lambda-fetch-api-policy",
                "policy": "{\"Version\":\"2012-10-17\",\"Statement\":[{\"Action\":[\"s3:PutObject\"],\"Effect\":\"Allow\",\"Resource\":\"arn:aws:s3:::rearc-quest-naiyyar/*\"},{\"Action\":[\"logs:CreateLogGroup\",\"logs:CreateLogStream\",\"logs:PutLogEvents\"],\"Effect\":\"Allow\",\"Resource\":\"arn:aws:logs:*:*:*\"}]}"
              }
            ],
            "managed_policy_arns": [],
            "max_session_duration": 3600,
            "name": "rearc-quest-lambda-fetch-api-role",
            "name_prefix": "",
            "path": "/",
            "permissions_boundary": "",
            "tags": {},
            "tags_all": {},
            "unique_id": "AROA2FXADTOEURB4HYDY6"
          },
          "sensitive_attributes": [],
          "identity_schema_version": 0,
          "private": "bnVsbA=="
        }
      ]
    },
    {
      "mode": "managed",
      "type": "aws_iam_role",
      "name": "lambda_scrape",
      "provider": "provider[\"registry.terraform.io/hashicorp/aws\"]",
      "instances": [
        {
          "schema_version": 0,
          "attributes": {
            "arn": "arn:aws:iam::699475925897:role/rearc-quest-lambda-scrape-role",
            "assume_role_policy": "{\"Statement\":[{\"Action\":\"sts:AssumeRole\",\"Effect\":\"Allow\",\"Principal\":{\"Service\":\"lambda.amazonaws.com\"}}],\"Version\":\"2012-10-17\"}",
            "create_date": "2026-06-08T05:31:17Z",
            "description": "",
            "force_detach_policies": false,
            "id": "rearc-quest-lambda-scrape-role",
            "inline_policy": [
              {
                "name": "rearc-quest-lambda-scrape-policy",
                "policy": "{\"Version\":\"2012-10-17\",\"Statement\":[{\"Action\":[\"logs:CreateLogGroup\",\"logs:CreateLogStream\",\"logs:PutLogEvents\"],\"Effect\":\"Allow\",\"Resource\":\"arn:aws:logs:*:*:*\"}]}"
              }
            ],
            "managed_policy_arns": [],
            "max_session_duration": 3600,
            "name": "rearc-quest-lambda-scrape-role",
            "name_prefix": "",
            "path": "/",
            "permissions_boundary": "",
            "tags": {},
            "tags_all": {},
            "unique_id": "AROA2FXADTOEWE3PUOGK3"
          },
          "sensitive_attributes": [],
          "identity_schema_version": 0,
          "private": "bnVsbA=="
        }
      ]
    },
    {
      "mode": "managed",
      "type": "aws_iam_role",
      "name": "lambda_sync_files",
      "provider": "provider[\"registry.terraform.io/hashicorp/aws\"]",
      "instances": [
        {
          "schema_version": 0,
          "attributes": {
            "arn": "arn:aws:iam::699475925897:role/rearc-quest-lambda-sync-files-role",
            "assume_role_policy": "{\"Statement\":[{\"Action\":\"sts:AssumeRole\",\"Effect\":\"Allow\",\"Principal\":{\"Service\":\"lambda.amazonaws.com\"}}],\"Version\":\"2012-10-17\"}",
            "create_date": "2026-06-08T05:31:17Z",
            "description": "",
            "force_detach_policies": false,
            "id": "rearc-quest-lambda-sync-files-role",
            "inline_policy": [
              {
                "name": "rearc-quest-lambda-sync-files-policy",
                "policy": "{\"Version\":\"2012-10-17\",\"Statement\":[{\"Action\":[\"s3:PutObject\",\"s3:GetObject\",\"s3:ListBucket\"],\"Effect\":\"Allow\",\"Resource\":[\"arn:aws:s3:::rearc-quest-naiyyar\",\"arn:aws:s3:::rearc-quest-naiyyar/*\"]},{\"Action\":[\"dynamodb:PutItem\"],\"Effect\":\"Allow\",\"Resource\":\"arn:aws:dynamodb:us-west-2:699475925897:table/pipeline_metadata\"},{\"Action\":[\"logs:CreateLogGroup\",\"logs:CreateLogStream\",\"logs:PutLogEvents\"],\"Effect\":\"Allow\",\"Resource\":\"arn:aws:logs:*:*:*\"}]}"
              }
            ],
            "managed_policy_arns": [],
            "max_session_duration": 3600,
            "name": "rearc-quest-lambda-sync-files-role",
            "name_prefix": "",
            "path": "/",
            "permissions_boundary": "",
            "tags": {},
            "tags_all": {},
            "unique_id": "AROA2FXADTOE4YU56CXW5"
          },
          "sensitive_attributes": [],
          "identity_schema_version": 0,
          "private": "bnVsbA=="
        }
      ]
    },
    {
      "mode": "managed",
      "type": "aws_iam_role",
      "name": "step_functions",
      "provider": "provider[\"registry.terraform.io/hashicorp/aws\"]",
      "instances": [
        {
          "schema_version": 0,
          "attributes": {
            "arn": "arn:aws:iam::699475925897:role/rearc-quest-step-functions-role",
            "assume_role_policy": "{\"Statement\":[{\"Action\":\"sts:AssumeRole\",\"Effect\":\"Allow\",\"Principal\":{\"Service\":\"states.amazonaws.com\"}}],\"Version\":\"2012-10-17\"}",
            "create_date": "2026-06-08T05:31:17Z",
            "description": "",
            "force_detach_policies": false,
            "id": "rearc-quest-step-functions-role",
            "inline_policy": [
              {
                "name": "rearc-quest-step-functions-policy",
                "policy": "{\"Version\":\"2012-10-17\",\"Statement\":[{\"Action\":[\"lambda:InvokeFunction\"],\"Effect\":\"Allow\",\"Resource\":[\"arn:aws:lambda:us-west-2:699475925897:function:rearc-quest-scrape-bls\",\"arn:aws:lambda:us-west-2:699475925897:function:rearc-quest-check-etag\",\"arn:aws:lambda:us-west-2:699475925897:function:rearc-quest-sync-files\",\"arn:aws:lambda:us-west-2:699475925897:function:rearc-quest-fetch-api\"]},{\"Action\":[\"logs:CreateLogGroup\",\"logs:CreateLogDelivery\",\"logs:PutLogEvents\"],\"Effect\":\"Allow\",\"Resource\":\"arn:aws:logs:*:*:*\"}]}"
              }
            ],
            "managed_policy_arns": [],
            "max_session_duration": 3600,
            "name": "rearc-quest-step-functions-role",
            "name_prefix": "",
            "path": "/",
            "permissions_boundary": "",
            "tags": {},
            "tags_all": {},
            "unique_id": "AROA2FXADTOETFE3BTT4W"
          },
          "sensitive_attributes": [],
          "identity_schema_version": 0,
          "private": "bnVsbA=="
        }
      ]
    },
    {
      "mode": "managed",
      "type": "aws_iam_role_policy",
      "name": "eventbridge",
      "provider": "provider[\"registry.terraform.io/hashicorp/aws\"]",
      "instances": [
        {
          "schema_version": 0,
          "attributes": {
            "id": "rearc-quest-eventbridge-role:rearc-quest-eventbridge-policy",
            "name": "rearc-quest-eventbridge-policy",
            "name_prefix": "",
            "policy": "{\"Version\":\"2012-10-17\",\"Statement\":[{\"Action\":[\"states:StartExecution\"],\"Effect\":\"Allow\",\"Resource\":\"arn:aws:states:us-west-2:699475925897:stateMachine:rearc-quest-ingest-pipeline\"}]}",
            "role": "rearc-quest-eventbridge-role"
          },
          "sensitive_attributes": [],
          "identity_schema_version": 0,
          "private": "bnVsbA==",
          "dependencies": [
            "aws_iam_role.eventbridge",
            "aws_iam_role.lambda_check_etag",
            "aws_iam_role.lambda_fetch_api",
            "aws_iam_role.lambda_scrape",
            "aws_iam_role.lambda_sync_files",
            "aws_iam_role.step_functions",
            "aws_lambda_function.lambda_check_etag",
            "aws_lambda_function.lambda_fetch_api",
            "aws_lambda_function.lambda_scrape",
            "aws_lambda_function.lambda_sync_files",
            "aws_sfn_state_machine.ingest_pipeline"
          ]
        }
      ]
    },
    {
      "mode": "managed",
      "type": "aws_iam_role_policy",
      "name": "lambda_analytics",
      "provider": "provider[\"registry.terraform.io/hashicorp/aws\"]",
      "instances": [
        {
          "schema_version": 0,
          "attributes": {
            "id": "rearc-quest-lambda-analytics-role:rearc-quest-lambda-analytics-policy",
            "name": "rearc-quest-lambda-analytics-policy",
            "name_prefix": "",
            "policy": "{\"Version\":\"2012-10-17\",\"Statement\":[{\"Action\":[\"s3:GetObject\"],\"Effect\":\"Allow\",\"Resource\":\"arn:aws:s3:::rearc-quest-naiyyar/*\"},{\"Action\":[\"sqs:ReceiveMessage\",\"sqs:DeleteMessage\",\"sqs:GetQueueAttributes\"],\"Effect\":\"Allow\",\"Resource\":\"arn:aws:sqs:us-west-2:699475925897:rearc-quest-analytics-queue\"},{\"Action\":[\"dynamodb:GetItem\",\"dynamodb:PutItem\"],\"Effect\":\"Allow\",\"Resource\":\"arn:aws:dynamodb:us-west-2:699475925897:table/pipeline_metadata\"},{\"Action\":[\"logs:CreateLogGroup\",\"logs:CreateLogStream\",\"logs:PutLogEvents\"],\"Effect\":\"Allow\",\"Resource\":\"arn:aws:logs:*:*:*\"}]}",
            "role": "rearc-quest-lambda-analytics-role"
          },
          "sensitive_attributes": [],
          "identity_schema_version": 0,
          "private": "bnVsbA==",
          "dependencies": [
            "aws_dynamodb_table.pipeline_metadata",
            "aws_iam_role.lambda_analytics",
            "aws_s3_bucket.rearc_quest",
            "aws_sqs_queue.analytics_queue"
          ]
        }
      ]
    },
    {
      "mode": "managed",
      "type": "aws_iam_role_policy",
      "name": "lambda_check_etag",
      "provider": "provider[\"registry.terraform.io/hashicorp/aws\"]",
      "instances": [
        {
          "schema_version": 0,
          "attributes": {
            "id": "rearc-quest-lambda-check-etag-role:rearc-quest-lambda-check-etag-policy",
            "name": "rearc-quest-lambda-check-etag-policy",
            "name_prefix": "",
            "policy": "{\"Version\":\"2012-10-17\",\"Statement\":[{\"Action\":[\"dynamodb:GetItem\"],\"Effect\":\"Allow\",\"Resource\":\"arn:aws:dynamodb:us-west-2:699475925897:table/pipeline_metadata\"},{\"Action\":[\"logs:CreateLogGroup\",\"logs:CreateLogStream\",\"logs:PutLogEvents\"],\"Effect\":\"Allow\",\"Resource\":\"arn:aws:logs:*:*:*\"}]}",
            "role": "rearc-quest-lambda-check-etag-role"
          },
          "sensitive_attributes": [],
          "identity_schema_version": 0,
          "private": "bnVsbA==",
          "dependencies": [
            "aws_dynamodb_table.pipeline_metadata",
            "aws_iam_role.lambda_check_etag"
          ]
        }
      ]
    },
    {
      "mode": "managed",
      "type": "aws_iam_role_policy",
      "name": "lambda_fetch_api",
      "provider": "provider[\"registry.terraform.io/hashicorp/aws\"]",
      "instances": [
        {
          "schema_version": 0,
          "attributes": {
            "id": "rearc-quest-lambda-fetch-api-role:rearc-quest-lambda-fetch-api-policy",
            "name": "rearc-quest-lambda-fetch-api-policy",
            "name_prefix": "",
            "policy": "{\"Version\":\"2012-10-17\",\"Statement\":[{\"Action\":[\"s3:PutObject\"],\"Effect\":\"Allow\",\"Resource\":\"arn:aws:s3:::rearc-quest-naiyyar/*\"},{\"Action\":[\"logs:CreateLogGroup\",\"logs:CreateLogStream\",\"logs:PutLogEvents\"],\"Effect\":\"Allow\",\"Resource\":\"arn:aws:logs:*:*:*\"}]}",
            "role": "rearc-quest-lambda-fetch-api-role"
          },
          "sensitive_attributes": [],
          "identity_schema_version": 0,
          "private": "bnVsbA==",
          "dependencies": [
            "aws_iam_role.lambda_fetch_api",
            "aws_s3_bucket.rearc_quest"
          ]
        }
      ]
    },
    {
      "mode": "managed",
      "type": "aws_iam_role_policy",
      "name": "lambda_scrape",
      "provider": "provider[\"registry.terraform.io/hashicorp/aws\"]",
      "instances": [
        {
          "schema_version": 0,
          "attributes": {
            "id": "rearc-quest-lambda-scrape-role:rearc-quest-lambda-scrape-policy",
            "name": "rearc-quest-lambda-scrape-policy",
            "name_prefix": "",
            "policy": "{\"Version\":\"2012-10-17\",\"Statement\":[{\"Action\":[\"logs:CreateLogGroup\",\"logs:CreateLogStream\",\"logs:PutLogEvents\"],\"Effect\":\"Allow\",\"Resource\":\"arn:aws:logs:*:*:*\"}]}",
            "role": "rearc-quest-lambda-scrape-role"
          },
          "sensitive_attributes": [],
          "identity_schema_version": 0,
          "private": "bnVsbA==",
          "dependencies": [
            "aws_iam_role.lambda_scrape"
          ]
        }
      ]
    },
    {
      "mode": "managed",
      "type": "aws_iam_role_policy",
      "name": "lambda_sync_files",
      "provider": "provider[\"registry.terraform.io/hashicorp/aws\"]",
      "instances": [
        {
          "schema_version": 0,
          "attributes": {
            "id": "rearc-quest-lambda-sync-files-role:rearc-quest-lambda-sync-files-policy",
            "name": "rearc-quest-lambda-sync-files-policy",
            "name_prefix": "",
            "policy": "{\"Version\":\"2012-10-17\",\"Statement\":[{\"Action\":[\"s3:PutObject\",\"s3:GetObject\",\"s3:ListBucket\"],\"Effect\":\"Allow\",\"Resource\":[\"arn:aws:s3:::rearc-quest-naiyyar\",\"arn:aws:s3:::rearc-quest-naiyyar/*\"]},{\"Action\":[\"dynamodb:PutItem\"],\"Effect\":\"Allow\",\"Resource\":\"arn:aws:dynamodb:us-west-2:699475925897:table/pipeline_metadata\"},{\"Action\":[\"logs:CreateLogGroup\",\"logs:CreateLogStream\",\"logs:PutLogEvents\"],\"Effect\":\"Allow\",\"Resource\":\"arn:aws:logs:*:*:*\"}]}",
            "role": "rearc-quest-lambda-sync-files-role"
          },
          "sensitive_attributes": [],
          "identity_schema_version": 0,
          "private": "bnVsbA==",
          "dependencies": [
            "aws_dynamodb_table.pipeline_metadata",
            "aws_iam_role.lambda_sync_files",
            "aws_s3_bucket.rearc_quest"
          ]
        }
      ]
    },
    {
      "mode": "managed",
      "type": "aws_iam_role_policy",
      "name": "step_functions",
      "provider": "provider[\"registry.terraform.io/hashicorp/aws\"]",
      "instances": [
        {
          "schema_version": 0,
          "attributes": {
            "id": "rearc-quest-step-functions-role:rearc-quest-step-functions-policy",
            "name": "rearc-quest-step-functions-policy",
            "name_prefix": "",
            "policy": "{\"Version\":\"2012-10-17\",\"Statement\":[{\"Action\":[\"lambda:InvokeFunction\"],\"Effect\":\"Allow\",\"Resource\":[\"arn:aws:lambda:us-west-2:699475925897:function:rearc-quest-scrape-bls\",\"arn:aws:lambda:us-west-2:699475925897:function:rearc-quest-check-etag\",\"arn:aws:lambda:us-west-2:699475925897:function:rearc-quest-sync-files\",\"arn:aws:lambda:us-west-2:699475925897:function:rearc-quest-fetch-api\"]},{\"Action\":[\"logs:CreateLogGroup\",\"logs:CreateLogDelivery\",\"logs:PutLogEvents\"],\"Effect\":\"Allow\",\"Resource\":\"arn:aws:logs:*:*:*\"}]}",
            "role": "rearc-quest-step-functions-role"
          },
          "sensitive_attributes": [],
          "identity_schema_version": 0,
          "private": "bnVsbA==",
          "dependencies": [
            "aws_iam_role.lambda_check_etag",
            "aws_iam_role.lambda_fetch_api",
            "aws_iam_role.lambda_scrape",
            "aws_iam_role.lambda_sync_files",
            "aws_iam_role.step_functions",
            "aws_lambda_function.lambda_check_etag",
            "aws_lambda_function.lambda_fetch_api",
            "aws_lambda_function.lambda_scrape",
            "aws_lambda_function.lambda_sync_files"
          ]
        }
      ]
    },
    {
      "mode": "managed",
      "type": "aws_lambda_event_source_mapping",
      "name": "sqs_to_analytics",
      "provider": "provider[\"registry.terraform.io/hashicorp/aws\"]",
      "instances": [
        {
          "schema_version": 0,
          "attributes": {
            "amazon_managed_kafka_event_source_config": [],
            "arn": "arn:aws:lambda:us-west-2:699475925897:event-source-mapping:b8bdc1e0-80f6-411f-97c3-8f190aeed9fe",
            "batch_size": 1,
            "bisect_batch_on_function_error": false,
            "destination_config": [],
            "document_db_event_source_config": [],
            "enabled": true,
            "event_source_arn": "arn:aws:sqs:us-west-2:699475925897:rearc-quest-analytics-queue",
            "filter_criteria": [],
            "function_arn": "arn:aws:lambda:us-west-2:699475925897:function:rearc-quest-analytics",
            "function_name": "arn:aws:lambda:us-west-2:699475925897:function:rearc-quest-analytics",
            "function_response_types": [],
            "id": "b8bdc1e0-80f6-411f-97c3-8f190aeed9fe",
            "kms_key_arn": "",
            "last_modified": "2026-06-08T05:31:55Z",
            "last_processing_result": "",
            "maximum_batching_window_in_seconds": 0,
            "maximum_record_age_in_seconds": 0,
            "maximum_retry_attempts": 0,
            "metrics_config": [],
            "parallelization_factor": 0,
            "provisioned_poller_config": [],
            "queues": [],
            "scaling_config": [],
            "self_managed_event_source": [],
            "self_managed_kafka_event_source_config": [],
            "source_access_configuration": [],
            "starting_position": "",
            "starting_position_timestamp": "",
            "state": "Enabled",
            "state_transition_reason": "USER_INITIATED",
            "tags": {},
            "tags_all": {},
            "topics": [],
            "tumbling_window_in_seconds": 0,
            "uuid": "b8bdc1e0-80f6-411f-97c3-8f190aeed9fe"
          },
          "sensitive_attributes": [],
          "identity_schema_version": 0,
          "private": "bnVsbA==",
          "dependencies": [
            "aws_iam_role.lambda_analytics",
            "aws_lambda_function.lambda_analytics",
            "aws_sqs_queue.analytics_queue"
          ]
        }
      ]
    },
    {
      "mode": "managed",
      "type": "aws_lambda_function",
      "name": "lambda_analytics",
      "provider": "provider[\"registry.terraform.io/hashicorp/aws\"]",
      "instances": [
        {
          "schema_version": 0,
          "attributes": {
            "architectures": [
              "x86_64"
            ],
            "arn": "arn:aws:lambda:us-west-2:699475925897:function:rearc-quest-analytics",
            "code_sha256": "IOR5Y/VYdawUOgXwaYxCpJ9VW2SAD+Lm3Q2y+Tw9BK4=",
            "code_signing_config_arn": "",
            "dead_letter_config": [],
            "description": "",
            "environment": [
              {
                "variables": {
                  "DYNAMO_TABLE": "pipeline_metadata",
                  "S3_BUCKET": "rearc-quest-naiyyar"
                }
              }
            ],
            "ephemeral_storage": [
              {
                "size": 512
              }
            ],
            "file_system_config": [],
            "filename": "",
            "function_name": "rearc-quest-analytics",
            "handler": "handler.lambda_handler",
            "id": "rearc-quest-analytics",
            "image_config": [],
            "image_uri": "",
            "invoke_arn": "arn:aws:apigateway:us-west-2:lambda:path/2015-03-31/functions/arn:aws:lambda:us-west-2:699475925897:function:rearc-quest-analytics/invocations",
            "kms_key_arn": "",
            "last_modified": "2026-06-08T05:50:58.000+0000",
            "layers": [
              "arn:aws:lambda:us-west-2:336392948345:layer:AWSSDKPandas-Python311:23"
            ],
            "logging_config": [
              {
                "application_log_level": "",
                "log_format": "Text",
                "log_group": "/aws/lambda/rearc-quest-analytics",
                "system_log_level": ""
              }
            ],
            "memory_size": 128,
            "package_type": "Zip",
            "publish": false,
            "qualified_arn": "arn:aws:lambda:us-west-2:699475925897:function:rearc-quest-analytics:$LATEST",
            "qualified_invoke_arn": "arn:aws:apigateway:us-west-2:lambda:path/2015-03-31/functions/arn:aws:lambda:us-west-2:699475925897:function:rearc-quest-analytics:$LATEST/invocations",
            "replace_security_groups_on_destroy": null,
            "replacement_security_group_ids": null,
            "reserved_concurrent_executions": -1,
            "role": "arn:aws:iam::699475925897:role/rearc-quest-lambda-analytics-role",
            "runtime": "python3.11",
            "s3_bucket": "rearc-quest-naiyyar",
            "s3_key": "lambda-packages/lambda_analytics.zip",
            "s3_object_version": null,
            "signing_job_arn": "",
            "signing_profile_version_arn": "",
            "skip_destroy": false,
            "snap_start": [],
            "source_code_hash": "VmTr0zUy3JVDN0SGx5flXm0xQGp6CdlsLY8kqZwcMxA=",
            "source_code_size": 57104927,
            "tags": {
              "Project": "rearc-data-quest"
            },
            "tags_all": {
              "Project": "rearc-data-quest"
            },
            "timeout": 300,
            "timeouts": null,
            "tracing_config": [
              {
                "mode": "PassThrough"
              }
            ],
            "version": "$LATEST",
            "vpc_config": []
          },
          "sensitive_attributes": [],
          "identity_schema_version": 0,
          "private": "eyJlMmJmYjczMC1lY2FhLTExZTYtOGY4OC0zNDM2M2JjN2M0YzAiOnsiY3JlYXRlIjo2MDAwMDAwMDAwMDAsImRlbGV0ZSI6NjAwMDAwMDAwMDAwLCJ1cGRhdGUiOjYwMDAwMDAwMDAwMH19",
          "dependencies": [
            "aws_iam_role.lambda_analytics"
          ]
        }
      ]
    },
    {
      "mode": "managed",
      "type": "aws_lambda_function",
      "name": "lambda_check_etag",
      "provider": "provider[\"registry.terraform.io/hashicorp/aws\"]",
      "instances": [
        {
          "schema_version": 0,
          "attributes": {
            "architectures": [
              "x86_64"
            ],
            "arn": "arn:aws:lambda:us-west-2:699475925897:function:rearc-quest-check-etag",
            "code_sha256": "qU6fKZv8oP2OoN1WXGe3hauZ2zpA3hTQ3TT7+7lDbvc=",
            "code_signing_config_arn": "",
            "dead_letter_config": [],
            "description": "",
            "environment": [
              {
                "variables": {
                  "DYNAMO_TABLE": "pipeline_metadata",
                  "USER_AGENT": "naiyyar@outlook.com - Rearc Data Quest pipeline"
                }
              }
            ],
            "ephemeral_storage": [
              {
                "size": 512
              }
            ],
            "file_system_config": [],
            "filename": "./lambda_check_etag.zip",
            "function_name": "rearc-quest-check-etag",
            "handler": "handler.lambda_handler",
            "id": "rearc-quest-check-etag",
            "image_config": [],
            "image_uri": "",
            "invoke_arn": "arn:aws:apigateway:us-west-2:lambda:path/2015-03-31/functions/arn:aws:lambda:us-west-2:699475925897:function:rearc-quest-check-etag/invocations",
            "kms_key_arn": "",
            "last_modified": "2026-06-08T05:40:42.000+0000",
            "layers": [],
            "logging_config": [
              {
                "application_log_level": "",
                "log_format": "Text",
                "log_group": "/aws/lambda/rearc-quest-check-etag",
                "system_log_level": ""
              }
            ],
            "memory_size": 128,
            "package_type": "Zip",
            "publish": false,
            "qualified_arn": "arn:aws:lambda:us-west-2:699475925897:function:rearc-quest-check-etag:$LATEST",
            "qualified_invoke_arn": "arn:aws:apigateway:us-west-2:lambda:path/2015-03-31/functions/arn:aws:lambda:us-west-2:699475925897:function:rearc-quest-check-etag:$LATEST/invocations",
            "replace_security_groups_on_destroy": null,
            "replacement_security_group_ids": null,
            "reserved_concurrent_executions": -1,
            "role": "arn:aws:iam::699475925897:role/rearc-quest-lambda-check-etag-role",
            "runtime": "python3.11",
            "s3_bucket": null,
            "s3_key": null,
            "s3_object_version": null,
            "signing_job_arn": "",
            "signing_profile_version_arn": "",
            "skip_destroy": false,
            "snap_start": [],
            "source_code_hash": "qU6fKZv8oP2OoN1WXGe3hauZ2zpA3hTQ3TT7+7lDbvc=",
            "source_code_size": 16446121,
            "tags": {
              "Project": "rearc-data-quest"
            },
            "tags_all": {
              "Project": "rearc-data-quest"
            },
            "timeout": 120,
            "timeouts": null,
            "tracing_config": [
              {
                "mode": "PassThrough"
              }
            ],
            "version": "$LATEST",
            "vpc_config": []
          },
          "sensitive_attributes": [],
          "identity_schema_version": 0,
          "private": "eyJlMmJmYjczMC1lY2FhLTExZTYtOGY4OC0zNDM2M2JjN2M0YzAiOnsiY3JlYXRlIjo2MDAwMDAwMDAwMDAsImRlbGV0ZSI6NjAwMDAwMDAwMDAwLCJ1cGRhdGUiOjYwMDAwMDAwMDAwMH19",
          "dependencies": [
            "aws_iam_role.lambda_check_etag"
          ]
        }
      ]
    },
    {
      "mode": "managed",
      "type": "aws_lambda_function",
      "name": "lambda_fetch_api",
      "provider": "provider[\"registry.terraform.io/hashicorp/aws\"]",
      "instances": [
        {
          "schema_version": 0,
          "attributes": {
            "architectures": [
              "x86_64"
            ],
            "arn": "arn:aws:lambda:us-west-2:699475925897:function:rearc-quest-fetch-api",
            "code_sha256": "09mL1tb72pvXGCmj/6RF7Uf5KqTRX6+3tgk0wOwscY4=",
            "code_signing_config_arn": "",
            "dead_letter_config": [],
            "description": "",
            "environment": [
              {
                "variables": {
                  "S3_BUCKET": "rearc-quest-naiyyar"
                }
              }
            ],
            "ephemeral_storage": [
              {
                "size": 512
              }
            ],
            "file_system_config": [],
            "filename": "./lambda_fetch_api.zip",
            "function_name": "rearc-quest-fetch-api",
            "handler": "handler.lambda_handler",
            "id": "rearc-quest-fetch-api",
            "image_config": [],
            "image_uri": "",
            "invoke_arn": "arn:aws:apigateway:us-west-2:lambda:path/2015-03-31/functions/arn:aws:lambda:us-west-2:699475925897:function:rearc-quest-fetch-api/invocations",
            "kms_key_arn": "",
            "last_modified": "2026-06-08T05:40:34.000+0000",
            "layers": [],
            "logging_config": [
              {
                "application_log_level": "",
                "log_format": "Text",
                "log_group": "/aws/lambda/rearc-quest-fetch-api",
                "system_log_level": ""
              }
            ],
            "memory_size": 128,
            "package_type": "Zip",
            "publish": false,
            "qualified_arn": "arn:aws:lambda:us-west-2:699475925897:function:rearc-quest-fetch-api:$LATEST",
            "qualified_invoke_arn": "arn:aws:apigateway:us-west-2:lambda:path/2015-03-31/functions/arn:aws:lambda:us-west-2:699475925897:function:rearc-quest-fetch-api:$LATEST/invocations",
            "replace_security_groups_on_destroy": null,
            "replacement_security_group_ids": null,
            "reserved_concurrent_executions": -1,
            "role": "arn:aws:iam::699475925897:role/rearc-quest-lambda-fetch-api-role",
            "runtime": "python3.11",
            "s3_bucket": null,
            "s3_key": null,
            "s3_object_version": null,
            "signing_job_arn": "",
            "signing_profile_version_arn": "",
            "skip_destroy": false,
            "snap_start": [],
            "source_code_hash": "09mL1tb72pvXGCmj/6RF7Uf5KqTRX6+3tgk0wOwscY4=",
            "source_code_size": 16446458,
            "tags": {
              "Project": "rearc-data-quest"
            },
            "tags_all": {
              "Project": "rearc-data-quest"
            },
            "timeout": 60,
            "timeouts": null,
            "tracing_config": [
              {
                "mode": "PassThrough"
              }
            ],
            "version": "$LATEST",
            "vpc_config": []
          },
          "sensitive_attributes": [],
          "identity_schema_version": 0,
          "private": "eyJlMmJmYjczMC1lY2FhLTExZTYtOGY4OC0zNDM2M2JjN2M0YzAiOnsiY3JlYXRlIjo2MDAwMDAwMDAwMDAsImRlbGV0ZSI6NjAwMDAwMDAwMDAwLCJ1cGRhdGUiOjYwMDAwMDAwMDAwMH19",
          "dependencies": [
            "aws_iam_role.lambda_fetch_api"
          ]
        }
      ]
    },
    {
      "mode": "managed",
      "type": "aws_lambda_function",
      "name": "lambda_scrape",
      "provider": "provider[\"registry.terraform.io/hashicorp/aws\"]",
      "instances": [
        {
          "schema_version": 0,
          "attributes": {
            "architectures": [
              "x86_64"
            ],
            "arn": "arn:aws:lambda:us-west-2:699475925897:function:rearc-quest-scrape-bls",
            "code_sha256": "cunkspEmpcqdFv0z2uA/co8rwC3pUN8hBUxFXBHo7tA=",
            "code_signing_config_arn": "",
            "dead_letter_config": [],
            "description": "",
            "environment": [
              {
                "variables": {
                  "USER_AGENT": "naiyyar@outlook.com - Rearc Data Quest pipeline"
                }
              }
            ],
            "ephemeral_storage": [
              {
                "size": 512
              }
            ],
            "file_system_config": [],
            "filename": "./lambda_scrape.zip",
            "function_name": "rearc-quest-scrape-bls",
            "handler": "handler.lambda_handler",
            "id": "rearc-quest-scrape-bls",
            "image_config": [],
            "image_uri": "",
            "invoke_arn": "arn:aws:apigateway:us-west-2:lambda:path/2015-03-31/functions/arn:aws:lambda:us-west-2:699475925897:function:rearc-quest-scrape-bls/invocations",
            "kms_key_arn": "",
            "last_modified": "2026-06-08T05:40:26.000+0000",
            "layers": [],
            "logging_config": [
              {
                "application_log_level": "",
                "log_format": "Text",
                "log_group": "/aws/lambda/rearc-quest-scrape-bls",
                "system_log_level": ""
              }
            ],
            "memory_size": 128,
            "package_type": "Zip",
            "publish": false,
            "qualified_arn": "arn:aws:lambda:us-west-2:699475925897:function:rearc-quest-scrape-bls:$LATEST",
            "qualified_invoke_arn": "arn:aws:apigateway:us-west-2:lambda:path/2015-03-31/functions/arn:aws:lambda:us-west-2:699475925897:function:rearc-quest-scrape-bls:$LATEST/invocations",
            "replace_security_groups_on_destroy": null,
            "replacement_security_group_ids": null,
            "reserved_concurrent_executions": -1,
            "role": "arn:aws:iam::699475925897:role/rearc-quest-lambda-scrape-role",
            "runtime": "python3.11",
            "s3_bucket": null,
            "s3_key": null,
            "s3_object_version": null,
            "signing_job_arn": "",
            "signing_profile_version_arn": "",
            "skip_destroy": false,
            "snap_start": [],
            "source_code_hash": "cunkspEmpcqdFv0z2uA/co8rwC3pUN8hBUxFXBHo7tA=",
            "source_code_size": 905967,
            "tags": {
              "Project": "rearc-data-quest"
            },
            "tags_all": {
              "Project": "rearc-data-quest"
            },
            "timeout": 60,
            "timeouts": null,
            "tracing_config": [
              {
                "mode": "PassThrough"
              }
            ],
            "version": "$LATEST",
            "vpc_config": []
          },
          "sensitive_attributes": [],
          "identity_schema_version": 0,
          "private": "eyJlMmJmYjczMC1lY2FhLTExZTYtOGY4OC0zNDM2M2JjN2M0YzAiOnsiY3JlYXRlIjo2MDAwMDAwMDAwMDAsImRlbGV0ZSI6NjAwMDAwMDAwMDAwLCJ1cGRhdGUiOjYwMDAwMDAwMDAwMH19",
          "dependencies": [
            "aws_iam_role.lambda_scrape"
          ]
        }
      ]
    },
    {
      "mode": "managed",
      "type": "aws_lambda_function",
      "name": "lambda_sync_files",
      "provider": "provider[\"registry.terraform.io/hashicorp/aws\"]",
      "instances": [
        {
          "schema_version": 0,
          "attributes": {
            "architectures": [
              "x86_64"
            ],
            "arn": "arn:aws:lambda:us-west-2:699475925897:function:rearc-quest-sync-files",
            "code_sha256": "dgmiAxoow0xuCEgNje0MmZ6/D0/G5PfOLrsunfNJ7Xg=",
            "code_signing_config_arn": "",
            "dead_letter_config": [],
            "description": "",
            "environment": [
              {
                "variables": {
                  "DYNAMO_TABLE": "pipeline_metadata",
                  "S3_BUCKET": "rearc-quest-naiyyar",
                  "USER_AGENT": "naiyyar@outlook.com - Rearc Data Quest pipeline"
                }
              }
            ],
            "ephemeral_storage": [
              {
                "size": 512
              }
            ],
            "file_system_config": [],
            "filename": "./lambda_sync_files.zip",
            "function_name": "rearc-quest-sync-files",
            "handler": "handler.lambda_handler",
            "id": "rearc-quest-sync-files",
            "image_config": [],
            "image_uri": "",
            "invoke_arn": "arn:aws:apigateway:us-west-2:lambda:path/2015-03-31/functions/arn:aws:lambda:us-west-2:699475925897:function:rearc-quest-sync-files/invocations",
            "kms_key_arn": "",
            "last_modified": "2026-06-08T05:40:51.000+0000",
            "layers": [],
            "logging_config": [
              {
                "application_log_level": "",
                "log_format": "Text",
                "log_group": "/aws/lambda/rearc-quest-sync-files",
                "system_log_level": ""
              }
            ],
            "memory_size": 128,
            "package_type": "Zip",
            "publish": false,
            "qualified_arn": "arn:aws:lambda:us-west-2:699475925897:function:rearc-quest-sync-files:$LATEST",
            "qualified_invoke_arn": "arn:aws:apigateway:us-west-2:lambda:path/2015-03-31/functions/arn:aws:lambda:us-west-2:699475925897:function:rearc-quest-sync-files:$LATEST/invocations",
            "replace_security_groups_on_destroy": null,
            "replacement_security_group_ids": null,
            "reserved_concurrent_executions": -1,
            "role": "arn:aws:iam::699475925897:role/rearc-quest-lambda-sync-files-role",
            "runtime": "python3.11",
            "s3_bucket": null,
            "s3_key": null,
            "s3_object_version": null,
            "signing_job_arn": "",
            "signing_profile_version_arn": "",
            "skip_destroy": false,
            "snap_start": [],
            "source_code_hash": "dgmiAxoow0xuCEgNje0MmZ6/D0/G5PfOLrsunfNJ7Xg=",
            "source_code_size": 16446463,
            "tags": {
              "Project": "rearc-data-quest"
            },
            "tags_all": {
              "Project": "rearc-data-quest"
            },
            "timeout": 300,
            "timeouts": null,
            "tracing_config": [
              {
                "mode": "PassThrough"
              }
            ],
            "version": "$LATEST",
            "vpc_config": []
          },
          "sensitive_attributes": [],
          "identity_schema_version": 0,
          "private": "eyJlMmJmYjczMC1lY2FhLTExZTYtOGY4OC0zNDM2M2JjN2M0YzAiOnsiY3JlYXRlIjo2MDAwMDAwMDAwMDAsImRlbGV0ZSI6NjAwMDAwMDAwMDAwLCJ1cGRhdGUiOjYwMDAwMDAwMDAwMH19",
          "dependencies": [
            "aws_iam_role.lambda_sync_files"
          ]
        }
      ]
    },
    {
      "mode": "managed",
      "type": "aws_s3_bucket",
      "name": "rearc_quest",
      "provider": "provider[\"registry.terraform.io/hashicorp/aws\"]",
      "instances": [
        {
          "schema_version": 0,
          "attributes": {
            "acceleration_status": "",
            "acl": null,
            "arn": "arn:aws:s3:::rearc-quest-naiyyar",
            "bucket": "rearc-quest-naiyyar",
            "bucket_domain_name": "rearc-quest-naiyyar.s3.amazonaws.com",
            "bucket_prefix": "",
            "bucket_regional_domain_name": "rearc-quest-naiyyar.s3.us-west-2.amazonaws.com",
            "cors_rule": [],
            "force_destroy": false,
            "grant": [
              {
                "id": "9a53e7823b358055d492d3d8e9843b69c584e658fcb24de8d85a1f1ac297f254",
                "permissions": [
                  "FULL_CONTROL"
                ],
                "type": "CanonicalUser",
                "uri": ""
              }
            ],
            "hosted_zone_id": "Z3BJ6K6RIION7M",
            "id": "rearc-quest-naiyyar",
            "lifecycle_rule": [],
            "logging": [],
            "object_lock_configuration": [],
            "object_lock_enabled": false,
            "policy": "",
            "region": "us-west-2",
            "replication_configuration": [],
            "request_payer": "BucketOwner",
            "server_side_encryption_configuration": [
              {
                "rule": [
                  {
                    "apply_server_side_encryption_by_default": [
                      {
                        "kms_master_key_id": "",
                        "sse_algorithm": "AES256"
                      }
                    ],
                    "bucket_key_enabled": false
                  }
                ]
              }
            ],
            "tags": {
              "Environment": "dev",
              "Project": "rearc-data-quest"
            },
            "tags_all": {
              "Environment": "dev",
              "Project": "rearc-data-quest"
            },
            "timeouts": null,
            "versioning": [
              {
                "enabled": true,
                "mfa_delete": false
              }
            ],
            "website": [],
            "website_domain": null,
            "website_endpoint": null
          },
          "sensitive_attributes": [],
          "identity_schema_version": 0,
          "private": "eyJlMmJmYjczMC1lY2FhLTExZTYtOGY4OC0zNDM2M2JjN2M0YzAiOnsiY3JlYXRlIjoxMjAwMDAwMDAwMDAwLCJkZWxldGUiOjM2MDAwMDAwMDAwMDAsInJlYWQiOjEyMDAwMDAwMDAwMDAsInVwZGF0ZSI6MTIwMDAwMDAwMDAwMH19"
        }
      ]
    },
    {
      "mode": "managed",
      "type": "aws_s3_bucket_notification",
      "name": "population_json_notification",
      "provider": "provider[\"registry.terraform.io/hashicorp/aws\"]",
      "instances": [
        {
          "schema_version": 0,
          "attributes": {
            "bucket": "rearc-quest-naiyyar",
            "eventbridge": false,
            "id": "rearc-quest-naiyyar",
            "lambda_function": [],
            "queue": [
              {
                "events": [
                  "s3:ObjectCreated:*"
                ],
                "filter_prefix": "bronze/api/",
                "filter_suffix": ".json",
                "id": "tf-s3-queue-20260608053208059400000002",
                "queue_arn": "arn:aws:sqs:us-west-2:699475925897:rearc-quest-analytics-queue"
              }
            ],
            "topic": []
          },
          "sensitive_attributes": [],
          "identity_schema_version": 0,
          "private": "bnVsbA==",
          "dependencies": [
            "aws_s3_bucket.rearc_quest",
            "aws_sqs_queue.analytics_queue",
            "aws_sqs_queue_policy.allow_s3"
          ]
        }
      ]
    },
    {
      "mode": "managed",
      "type": "aws_s3_bucket_versioning",
      "name": "rearc_quest",
      "provider": "provider[\"registry.terraform.io/hashicorp/aws\"]",
      "instances": [
        {
          "schema_version": 0,
          "attributes": {
            "bucket": "rearc-quest-naiyyar",
            "expected_bucket_owner": "",
            "id": "rearc-quest-naiyyar",
            "mfa": null,
            "versioning_configuration": [
              {
                "mfa_delete": "",
                "status": "Enabled"
              }
            ]
          },
          "sensitive_attributes": [],
          "identity_schema_version": 0,
          "private": "bnVsbA==",
          "dependencies": [
            "aws_s3_bucket.rearc_quest"
          ]
        }
      ]
    },
    {
      "mode": "managed",
      "type": "aws_sfn_state_machine",
      "name": "ingest_pipeline",
      "provider": "provider[\"registry.terraform.io/hashicorp/aws\"]",
      "instances": [
        {
          "schema_version": 0,
          "attributes": {
            "arn": "arn:aws:states:us-west-2:699475925897:stateMachine:rearc-quest-ingest-pipeline",
            "creation_date": "2026-06-08T05:31:50Z",
            "definition": "{\"Comment\":\"Rearc Data Quest ingest pipeline\",\"StartAt\":\"ScrapeDirectory\",\"States\":{\"CheckETags\":{\"Catch\":[{\"ErrorEquals\":[\"States.ALL\"],\"Next\":\"PipelineFailed\"}],\"Next\":\"SyncFiles\",\"Resource\":\"arn:aws:lambda:us-west-2:699475925897:function:rearc-quest-check-etag\",\"Retry\":[{\"BackoffRate\":2,\"ErrorEquals\":[\"Lambda.ServiceException\",\"Lambda.TooManyRequestsException\"],\"IntervalSeconds\":2,\"MaxAttempts\":3}],\"Type\":\"Task\"},\"FetchPopulationAPI\":{\"Catch\":[{\"ErrorEquals\":[\"States.ALL\"],\"Next\":\"PipelineFailed\"}],\"Next\":\"PipelineComplete\",\"Resource\":\"arn:aws:lambda:us-west-2:699475925897:function:rearc-quest-fetch-api\",\"Retry\":[{\"BackoffRate\":2,\"ErrorEquals\":[\"Lambda.ServiceException\",\"Lambda.TooManyRequestsException\"],\"IntervalSeconds\":2,\"MaxAttempts\":3}],\"Type\":\"Task\"},\"PipelineComplete\":{\"Type\":\"Succeed\"},\"PipelineFailed\":{\"Cause\":\"One or more pipeline states failed\",\"Error\":\"PipelineError\",\"Type\":\"Fail\"},\"ScrapeDirectory\":{\"Catch\":[{\"ErrorEquals\":[\"States.ALL\"],\"Next\":\"PipelineFailed\"}],\"Next\":\"CheckETags\",\"Resource\":\"arn:aws:lambda:us-west-2:699475925897:function:rearc-quest-scrape-bls\",\"Retry\":[{\"BackoffRate\":2,\"ErrorEquals\":[\"Lambda.ServiceException\",\"Lambda.TooManyRequestsException\"],\"IntervalSeconds\":2,\"MaxAttempts\":3}],\"Type\":\"Task\"},\"SyncFiles\":{\"Catch\":[{\"ErrorEquals\":[\"States.ALL\"],\"Next\":\"PipelineFailed\"}],\"Next\":\"FetchPopulationAPI\",\"Resource\":\"arn:aws:lambda:us-west-2:699475925897:function:rearc-quest-sync-files\",\"Retry\":[{\"BackoffRate\":2,\"ErrorEquals\":[\"Lambda.ServiceException\",\"Lambda.TooManyRequestsException\"],\"IntervalSeconds\":5,\"MaxAttempts\":3}],\"Type\":\"Task\"}}}",
            "description": "",
            "encryption_configuration": [
              {
                "kms_data_key_reuse_period_seconds": 0,
                "kms_key_id": "",
                "type": "AWS_OWNED_KEY"
              }
            ],
            "id": "arn:aws:states:us-west-2:699475925897:stateMachine:rearc-quest-ingest-pipeline",
            "logging_configuration": [
              {
                "include_execution_data": false,
                "level": "OFF",
                "log_destination": ""
              }
            ],
            "name": "rearc-quest-ingest-pipeline",
            "name_prefix": "",
            "publish": false,
            "revision_id": "",
            "role_arn": "arn:aws:iam::699475925897:role/rearc-quest-step-functions-role",
            "state_machine_version_arn": "",
            "status": "ACTIVE",
            "tags": {
              "Environment": "dev",
              "Project": "rearc-data-quest"
            },
            "tags_all": {
              "Environment": "dev",
              "Project": "rearc-data-quest"
            },
            "timeouts": null,
            "tracing_configuration": [
              {
                "enabled": false
              }
            ],
            "type": "STANDARD",
            "version_description": null
          },
          "sensitive_attributes": [],
          "identity_schema_version": 0,
          "private": "eyJlMmJmYjczMC1lY2FhLTExZTYtOGY4OC0zNDM2M2JjN2M0YzAiOnsiY3JlYXRlIjozMDAwMDAwMDAwMDAsImRlbGV0ZSI6MzAwMDAwMDAwMDAwLCJ1cGRhdGUiOjYwMDAwMDAwMDAwfX0=",
          "dependencies": [
            "aws_iam_role.lambda_check_etag",
            "aws_iam_role.lambda_fetch_api",
            "aws_iam_role.lambda_scrape",
            "aws_iam_role.lambda_sync_files",
            "aws_iam_role.step_functions",
            "aws_lambda_function.lambda_check_etag",
            "aws_lambda_function.lambda_fetch_api",
            "aws_lambda_function.lambda_scrape",
            "aws_lambda_function.lambda_sync_files"
          ]
        }
      ]
    },
    {
      "mode": "managed",
      "type": "aws_sqs_queue",
      "name": "analytics_queue",
      "provider": "provider[\"registry.terraform.io/hashicorp/aws\"]",
      "instances": [
        {
          "schema_version": 0,
          "attributes": {
            "arn": "arn:aws:sqs:us-west-2:699475925897:rearc-quest-analytics-queue",
            "content_based_deduplication": false,
            "deduplication_scope": "",
            "delay_seconds": 0,
            "fifo_queue": false,
            "fifo_throughput_limit": "",
            "id": "https://sqs.us-west-2.amazonaws.com/699475925897/rearc-quest-analytics-queue",
            "kms_data_key_reuse_period_seconds": 300,
            "kms_master_key_id": "",
            "max_message_size": 262144,
            "message_retention_seconds": 86400,
            "name": "rearc-quest-analytics-queue",
            "name_prefix": "",
            "policy": "{\"Statement\":[{\"Action\":\"sqs:SendMessage\",\"Condition\":{\"ArnLike\":{\"aws:SourceArn\":\"arn:aws:s3:::rearc-quest-naiyyar\"}},\"Effect\":\"Allow\",\"Principal\":{\"Service\":\"s3.amazonaws.com\"},\"Resource\":\"arn:aws:sqs:us-west-2:699475925897:rearc-quest-analytics-queue\",\"Sid\":\"AllowS3ToSendMessages\"}],\"Version\":\"2012-10-17\"}",
            "receive_wait_time_seconds": 20,
            "redrive_allow_policy": "",
            "redrive_policy": "",
            "sqs_managed_sse_enabled": true,
            "tags": {
              "Environment": "dev",
              "Project": "rearc-data-quest"
            },
            "tags_all": {
              "Environment": "dev",
              "Project": "rearc-data-quest"
            },
            "timeouts": null,
            "url": "https://sqs.us-west-2.amazonaws.com/699475925897/rearc-quest-analytics-queue",
            "visibility_timeout_seconds": 300
          },
          "sensitive_attributes": [],
          "identity_schema_version": 0,
          "private": "eyJlMmJmYjczMC1lY2FhLTExZTYtOGY4OC0zNDM2M2JjN2M0YzAiOnsiY3JlYXRlIjoxODAwMDAwMDAwMDAsImRlbGV0ZSI6MTgwMDAwMDAwMDAwLCJ1cGRhdGUiOjE4MDAwMDAwMDAwMH19"
        }
      ]
    },
    {
      "mode": "managed",
      "type": "aws_sqs_queue_policy",
      "name": "allow_s3",
      "provider": "provider[\"registry.terraform.io/hashicorp/aws\"]",
      "instances": [
        {
          "schema_version": 1,
          "attributes": {
            "id": "https://sqs.us-west-2.amazonaws.com/699475925897/rearc-quest-analytics-queue",
            "policy": "{\"Statement\":[{\"Action\":\"sqs:SendMessage\",\"Condition\":{\"ArnLike\":{\"aws:SourceArn\":\"arn:aws:s3:::rearc-quest-naiyyar\"}},\"Effect\":\"Allow\",\"Principal\":{\"Service\":\"s3.amazonaws.com\"},\"Resource\":\"arn:aws:sqs:us-west-2:699475925897:rearc-quest-analytics-queue\",\"Sid\":\"AllowS3ToSendMessages\"}],\"Version\":\"2012-10-17\"}",
            "queue_url": "https://sqs.us-west-2.amazonaws.com/699475925897/rearc-quest-analytics-queue"
          },
          "sensitive_attributes": [],
          "identity_schema_version": 0,
          "private": "eyJzY2hlbWFfdmVyc2lvbiI6IjEifQ==",
          "dependencies": [
            "aws_s3_bucket.rearc_quest",
            "aws_sqs_queue.analytics_queue"
          ]
        }
      ]
    }
  ],
  "check_results": null
}
